{
  "name": "sitecopy",
  "version": "0.0.0",
  "lockfileVersion": 3,
  "requires": true,
  "packages": {
    "": {
      "name": "sitecopy",
      "version": "0.0.0",
      "dependencies": {
        "lodash-es": "^4.17.21",
        "marked": "^16.2.1",
        "monaco-editor": "^0.52.2",
        "monaco-plugin-emmet": "^1.0.4",
        "monaco-tailwindcss": "^0.6.1",
        "openai": "^5.19.1",
        "prettier": "^3.6.2",
        "vue": "^3.5.18"
      },
      "devDependencies": {
        "@tailwindcss/vite": "^4.1.13",
        "@types/lodash-es": "^4.17.12",
        "@vitejs/plugin-vue": "^6.0.1",
        "@vue/tsconfig": "^0.7.0",
        "tailwindcss": "^4.1.13",
        "typescript": "~5.8.3",
        "vite": "^7.1.2",
        "vite-svg-loader": "^5.1.0",
        "vue-tsc": "^3.0.5"
      }
    },
    "../node_modules/.pnpm/@tailwindcss+vite@4.1.13_vi_e3701960f0aa75871ced2e42a7ce832b/node_modules/@tailwindcss/vite": {
      "version": "4.1.13",
      "dev": true,
      "license": "MIT",
      "dependencies": {
        "@tailwindcss/node": "4.1.13",
        "@tailwindcss/oxide": "4.1.13",
        "tailwindcss": "4.1.13"
      },
      "devDependencies": {
        "@types/node": "^20.19.0",
        "vite": "^7.0.0"
      },
      "peerDependencies": {
        "vite": "^5.2.0 || ^6 || ^7"
      }
    },
    "../node_modules/.pnpm/@types+lodash-es@4.17.12/node_modules/@types/lodash-es": {
      "version": "4.17.12",
      "dev": true,
      "license": "MIT",
      "dependencies": {
        "@types/lodash": "*"
      }
    },
    "../node_modules/.pnpm/@vitejs+plugin-vue@6.0.1_vi_dae7a61f6a066ff06fb78ba84991ad7b/node_modules/@vitejs/plugin-vue": {
      "version": "6.0.1",
      "dev": true,
      "license": "MIT",
      "dependencies": {
        "@rolldown/pluginutils": "1.0.0-beta.29"
      },
      "devDependencies": {
        "@jridgewell/gen-mapping": "^0.3.12",
        "@jridgewell/trace-mapping": "^0.3.29",
        "debug": "^4.4.1",
        "rollup": "^4.45.1",
        "slash": "^5.1.0",
        "source-map-js": "^1.2.1",
        "tsdown": "^0.13.0",
        "vite": "^7.0.5",
        "vue": "^3.5.18"
      },
      "engines": {
        "node": "^20.19.0 || >=22.12.0"
      },
      "peerDependencies": {
        "vite": "^5.0.0 || ^6.0.0 || ^7.0.0",
        "vue": "^3.2.25"
      }
    },
    "../node_modules/.pnpm/@vue+tsconfig@0.7.0_typescr_7a56aa544748972bd6fec1f5c6ee089f/node_modules/@vue/tsconfig": {
      "version": "0.7.0",
      "dev": true,
      "license": "MIT",
      "peerDependencies": {
        "typescript": "5.x",
        "vue": "^3.4.0"
      },
      "peerDependenciesMeta": {
        "typescript": {
          "optional": true
        },
        "vue": {
          "optional": true
        }
      }
    },
    "../node_modules/.pnpm/lodash-es@4.17.21/node_modules/lodash-es": {
      "version": "4.17.21",
      "license": "MIT"
    },
    "../node_modules/.pnpm/marked@16.2.1/node_modules/marked": {
      "version": "16.2.1",
      "license": "MIT",
      "bin": {
        "marked": "bin/marked.js"
      },
      "devDependencies": {
        "@arethetypeswrong/cli": "^0.18.2",
        "@markedjs/eslint-config": "^1.0.12",
        "@markedjs/testutils": "15.0.11-0",
        "@semantic-release/commit-analyzer": "^13.0.1",
        "@semantic-release/git": "^10.0.1",
        "@semantic-release/github": "^11.0.4",
        "@semantic-release/npm": "^12.0.1",
        "@semantic-release/release-notes-generator": "^14.0.3",
        "cheerio": "1.1.2",
        "commonmark": "0.31.2",
        "cross-env": "^10.0.0",
        "dts-bundle-generator": "^9.5.1",
        "esbuild": "^0.25.9",
        "esbuild-plugin-umd-wrapper": "^3.0.0",
        "eslint": "^9.34.0",
        "highlight.js": "^11.11.1",
        "markdown-it": "14.1.0",
        "marked-highlight": "^2.2.2",
        "marked-man": "^2.1.0",
        "recheck": "^4.5.0",
        "rimraf": "^6.0.1",
        "semantic-release": "^24.2.7",
        "titleize": "^4.0.0",
        "tslib": "^2.8.1",
        "typescript": "5.9.2"
      },
      "engines": {
        "node": ">= 20"
      }
    },
    "../node_modules/.pnpm/monaco-editor@0.52.2/node_modules/monaco-editor": {
      "version": "0.52.2",
      "license": "MIT",
      "devDependencies": {
        "@types/mocha": "^9.1.0",
        "@types/shelljs": "^0.8.11",
        "@typescript/vfs": "^1.3.5",
        "chai": "^4.3.6",
        "clean-css": "^5.2.4",
        "css-loader": "^6.7.1",
        "esbuild": "^0.20.0",
        "esbuild-plugin-alias": "^0.2.1",
        "file-loader": "^6.2.0",
        "glob": "^7.2.0",
        "http-server": "^14.1.1",
        "husky": "^7.0.4",
        "jsdom": "^19.0.0",
        "jsonc-parser": "^3.0.0",
        "mocha": "^9.2.0",
        "monaco-editor-core": "0.52.2",
        "parcel": "^2.7.0",
        "pin-github-action": "^1.8.0",
        "playwright": "^1.32.2",
        "prettier": "^2.5.1",
        "pretty-quick": "^3.1.3",
        "requirejs": "^2.3.6",
        "shelljs": "^0.8.5",
        "style-loader": "^3.3.1",
        "terser": "^5.14.2",
        "ts-node": "^10.6.0",
        "typescript": "^5.4.5",
        "vite": "^3.2.8",
        "vscode-css-languageservice": "6.2.14",
        "vscode-html-languageservice": "5.2.0",
        "vscode-json-languageservice": "5.3.11",
        "vscode-languageserver-textdocument": "^1.0.11",
        "vscode-languageserver-types": "3.17.5",
        "vscode-uri": "3.0.8",
        "webpack": "^5.76.0",
        "yaserver": "^0.4.0"
      }
    },
    "../node_modules/.pnpm/monaco-plugin-emmet@1.0.4_monaco-editor@0.52.2/node_modules/monaco-plugin-emmet": {
      "version": "1.0.4",
      "license": "MIT",
      "devDependencies": {
        "@semantic-release/changelog": "^6.0.3",
        "@semantic-release/git": "^10.0.1",
        "doogu": "4.0.4",
        "emmet": "2.4.7",
        "jsdom": "25.0.0",
        "monaco-editor": "0.51.0",
        "semantic-release": "^24.1.0"
      },
      "peerDependencies": {
        "monaco-editor": ">=0.40.0"
      }
    },
    "../node_modules/.pnpm/monaco-tailwindcss@0.6.1_monaco-editor@0.52.2/node_modules/monaco-tailwindcss": {
      "version": "0.6.1",
      "license": "MIT",
      "workspaces": [
        "examples/*"
      ],
      "dependencies": {
        "@alloc/quick-lru": "^5.0.0",
        "@csstools/css-parser-algorithms": "^2.0.0",
        "@csstools/css-tokenizer": "^2.0.0",
        "@csstools/media-query-list-parser": "^2.0.0",
        "@ctrl/tinycolor": "^3.0.0",
        "color-name": "^2.0.0",
        "css.escape": "^1.0.0",
        "culori": "^4.0.0",
        "didyoumean": "^1.0.0",
        "dlv": "^1.0.0",
        "line-column": "^1.0.0",
        "monaco-languageserver-types": "^0.2.0",
        "monaco-marker-data-provider": "^1.0.0",
        "monaco-types": "^0.1.0",
        "monaco-worker-manager": "^2.0.0",
        "moo": "^0.5.0",
        "postcss": "^8.0.0",
        "postcss-js": "^4.0.0",
        "postcss-nested": "^6.0.0",
        "postcss-selector-parser": "^6.0.0",
        "semver": "^7.0.0",
        "sift-string": "^0.0.2",
        "stringify-object": "^5.0.0",
        "tailwindcss": "^3.0.0",
        "tmp-cache": "^1.0.0",
        "vscode-languageserver-textdocument": "^1.0.0",
        "vscode-languageserver-types": "^3.0.0"
      },
      "devDependencies": {
        "@tailwindcss/language-service": "0.0.32",
        "esbuild": "^0.21.0",
        "eslint": "^8.0.0",
        "eslint-config-remcohaszing": "^10.0.0",
        "prettier": "^3.0.0",
        "remark-cli": "^12.0.0",
        "remark-preset-remcohaszing": "^3.0.0",
        "typescript": "^5.0.0",
        "vscode-languageserver-protocol": "^3.0.0"
      },
      "funding": {
        "url": "https://github.com/sponsors/remcohaszing"
      },
      "peerDependencies": {
        "monaco-editor": ">=0.36"
      }
    },
    "../node_modules/.pnpm/openai@5.19.1_ws@8.18.3_zod@3.25.76/node_modules/openai": {
      "version": "5.19.1",
      "license": "Apache-2.0",
      "bin": {
        "openai": "bin/cli"
      },
      "peerDependencies": {
        "ws": "^8.18.0",
        "zod": "^3.23.8"
      },
      "peerDependenciesMeta": {
        "ws": {
          "optional": true
        },
        "zod": {
          "optional": true
        }
      }
    },
    "../node_modules/.pnpm/prettier@3.6.2/node_modules/prettier": {
      "version": "3.6.2",
      "license": "MIT",
      "bin": {
        "prettier": "bin/prettier.cjs"
      },
      "engines": {
        "node": ">=14"
      },
      "funding": {
        "url": "https://github.com/prettier/prettier?sponsor=1"
      }
    },
    "../node_modules/.pnpm/tailwindcss@4.1.13/node_modules/tailwindcss": {
      "version": "4.1.13",
      "dev": true,
      "license": "MIT",
      "devDependencies": {
        "@jridgewell/remapping": "^2.3.4",
        "@tailwindcss/oxide": "^4.1.13",
        "@types/node": "^20.19.0",
        "dedent": "1.6.0",
        "lightningcss": "1.30.1",
        "magic-string": "^0.30.18",
        "source-map-js": "^1.2.1"
      }
    },
    "../node_modules/.pnpm/typescript@5.8.3/node_modules/typescript": {
      "version": "5.8.3",
      "dev": true,
      "license": "Apache-2.0",
      "bin": {
        "tsc": "bin/tsc",
        "tsserver": "bin/tsserver"
      },
      "devDependencies": {
        "@dprint/formatter": "^0.4.1",
        "@dprint/typescript": "0.93.3",
        "@esfx/canceltoken": "^1.0.0",
        "@eslint/js": "^9.17.0",
        "@octokit/rest": "^21.0.2",
        "@types/chai": "^4.3.20",
        "@types/diff": "^5.2.3",
        "@types/minimist": "^1.2.5",
        "@types/mocha": "^10.0.10",
        "@types/ms": "^0.7.34",
        "@types/node": "latest",
        "@types/source-map-support": "^0.5.10",
        "@types/which": "^3.0.4",
        "@typescript-eslint/rule-tester": "^8.18.1",
        "@typescript-eslint/type-utils": "^8.18.1",
        "@typescript-eslint/utils": "^8.18.1",
        "azure-devops-node-api": "^14.1.0",
        "c8": "^10.1.3",
        "chai": "^4.5.0",
        "chalk": "^4.1.2",
        "chokidar": "^3.6.0",
        "diff": "^5.2.0",
        "dprint": "^0.47.6",
        "esbuild": "^0.24.0",
        "eslint": "^9.17.0",
        "eslint-formatter-autolinkable-stylish": "^1.4.0",
        "eslint-plugin-regexp": "^2.7.0",
        "fast-xml-parser": "^4.5.1",
        "glob": "^10.4.5",
        "globals": "^15.13.0",
        "hereby": "^1.10.0",
        "jsonc-parser": "^3.3.1",
        "knip": "^5.41.0",
        "minimist": "^1.2.8",
        "mocha": "^10.8.2",
        "mocha-fivemat-progress-reporter": "^0.1.0",
        "monocart-coverage-reports": "^2.11.4",
        "ms": "^2.1.3",
        "playwright": "^1.49.1",
        "source-map-support": "^0.5.21",
        "tslib": "^2.8.1",
        "typescript": "^5.7.2",
        "typescript-eslint": "^8.18.1",
        "which": "^3.0.1"
      },
      "engines": {
        "node": ">=14.17"
      }
    },
    "../node_modules/.pnpm/vite-svg-loader@5.1.0_vue@3.5.21_typescript@5.8.3_/node_modules/vite-svg-loader": {
      "version": "5.1.0",
      "dev": true,
      "license": "MIT",
      "dependencies": {
        "svgo": "^3.0.2"
      },
      "devDependencies": {
        "cypress": "^8.6.0",
        "standard": "^16.0.3"
      },
      "peerDependencies": {
        "vue": ">=3.2.13"
      }
    },
    "../node_modules/.pnpm/vite@7.1.5_@types+node@22.1_4866483fa691e5b9c5e99b72fbc7d79c/node_modules/vite": {
      "version": "7.1.5",
      "dev": true,
      "license": "MIT",
      "dependencies": {
        "esbuild": "^0.25.0",
        "fdir": "^6.5.0",
        "picomatch": "^4.0.3",
        "postcss": "^8.5.6",
        "rollup": "^4.43.0",
        "tinyglobby": "^0.2.15"
      },
      "bin": {
        "vite": "bin/vite.js"
      },
      "devDependencies": {
        "@babel/parser": "^7.28.4",
        "@jridgewell/remapping": "^2.3.5",
        "@jridgewell/trace-mapping": "^0.3.30",
        "@oxc-project/types": "0.81.0",
        "@polka/compression": "^1.0.0-next.25",
        "@rolldown/pluginutils": "^1.0.0-beta.35",
        "@rollup/plugin-alias": "^5.1.1",
        "@rollup/plugin-commonjs": "^28.0.6",
        "@rollup/plugin-dynamic-import-vars": "2.1.4",
        "@rollup/pluginutils": "^5.3.0",
        "@types/escape-html": "^1.0.4",
        "@types/pnpapi": "^0.0.5",
        "artichokie": "^0.4.0",
        "baseline-browser-mapping": "^2.7.4",
        "cac": "^6.7.14",
        "chokidar": "^3.6.0",
        "connect": "^3.7.0",
        "convert-source-map": "^2.0.0",
        "cors": "^2.8.5",
        "cross-spawn": "^7.0.6",
        "debug": "^4.4.1",
        "dep-types": "link:./src/types",
        "dotenv": "^17.2.2",
        "dotenv-expand": "^12.0.3",
        "es-module-lexer": "^1.7.0",
        "escape-html": "^1.0.3",
        "estree-walker": "^3.0.3",
        "etag": "^1.8.1",
        "host-validation-middleware": "^0.1.1",
        "http-proxy-3": "^1.21.0",
        "launch-editor-middleware": "^2.11.1",
        "lightningcss": "^1.30.1",
        "magic-string": "^0.30.18",
        "mlly": "^1.8.0",
        "mrmime": "^2.0.1",
        "nanoid": "^5.1.5",
        "open": "^10.2.0",
        "parse5": "^8.0.0",
        "pathe": "^2.0.3",
        "periscopic": "^4.0.2",
        "picocolors": "^1.1.1",
        "postcss-import": "^16.1.1",
        "postcss-load-config": "^6.0.1",
        "postcss-modules": "^6.0.1",
        "premove": "^4.0.0",
        "resolve.exports": "^2.0.3",
        "rolldown": "^1.0.0-beta.32",
        "rolldown-plugin-dts": "^0.15.6",
        "rollup-plugin-license": "^3.6.0",
        "sass": "^1.92.1",
        "sass-embedded": "^1.92.1",
        "sirv": "^3.0.2",
        "strip-literal": "^3.0.0",
        "terser": "^5.44.0",
        "tsconfck": "^3.1.6",
        "types": "link:./types",
        "ufo": "^1.6.1",
        "ws": "^8.18.3"
      },
      "engines": {
        "node": "^20.19.0 || >=22.12.0"
      },
      "funding": {
        "url": "https://github.com/vitejs/vite?sponsor=1"
      },
      "optionalDependencies": {
        "fsevents": "~2.3.3"
      },
      "peerDependencies": {
        "@types/node": "^20.19.0 || >=22.12.0",
        "jiti": ">=1.21.0",
        "less": "^4.0.0",
        "lightningcss": "^1.21.0",
        "sass": "^1.70.0",
        "sass-embedded": "^1.70.0",
        "stylus": ">=0.54.8",
        "sugarss": "^5.0.0",
        "terser": "^5.16.0",
        "tsx": "^4.8.1",
        "yaml": "^2.4.2"
      },
      "peerDependenciesMeta": {
        "@types/node": {
          "optional": true
        },
        "jiti": {
          "optional": true
        },
        "less": {
          "optional": true
        },
        "lightningcss": {
          "optional": true
        },
        "sass": {
          "optional": true
        },
        "sass-embedded": {
          "optional": true
        },
        "stylus": {
          "optional": true
        },
        "sugarss": {
          "optional": true
        },
        "terser": {
          "optional": true
        },
        "tsx": {
          "optional": true
        },
        "yaml": {
          "optional": true
        }
      }
    },
    "../node_modules/.pnpm/vue-tsc@3.0.6_typescript@5.8.3/node_modules/vue-tsc": {
      "version": "3.0.6",
      "dev": true,
      "license": "MIT",
      "dependencies": {
        "@volar/typescript": "2.4.23",
        "@vue/language-core": "3.0.6"
      },
      "bin": {
        "vue-tsc": "bin/vue-tsc.js"
      },
      "devDependencies": {
        "@types/node": "^22.10.4"
      },
      "peerDependencies": {
        "typescript": ">=5.0.0"
      }
    },
    "../node_modules/.pnpm/vue@3.5.21_typescript@5.8.3/node_modules/vue": {
      "version": "3.5.21",
      "license": "MIT",
      "dependencies": {
        "@vue/compiler-dom": "3.5.21",
        "@vue/compiler-sfc": "3.5.21",
        "@vue/runtime-dom": "3.5.21",
        "@vue/server-renderer": "3.5.21",
        "@vue/shared": "3.5.21"
      },
      "peerDependencies": {
        "typescript": "*"
      },
      "peerDependenciesMeta": {
        "typescript": {
          "optional": true
        }
      }
    },
    "node_modules/@tailwindcss/vite": {
      "resolved": "../node_modules/.pnpm/@tailwindcss+vite@4.1.13_vi_e3701960f0aa75871ced2e42a7ce832b/node_modules/@tailwindcss/vite",
      "link": true
    },
    "node_modules/@types/lodash-es": {
      "resolved": "../node_modules/.pnpm/@types+lodash-es@4.17.12/node_modules/@types/lodash-es",
      "link": true
    },
    "node_modules/@vitejs/plugin-vue": {
      "resolved": "../node_modules/.pnpm/@vitejs+plugin-vue@6.0.1_vi_dae7a61f6a066ff06fb78ba84991ad7b/node_modules/@vitejs/plugin-vue",
      "link": true
    },
    "node_modules/@vue/tsconfig": {
      "resolved": "../node_modules/.pnpm/@vue+tsconfig@0.7.0_typescr_7a56aa544748972bd6fec1f5c6ee089f/node_modules/@vue/tsconfig",
      "link": true
    },
    "node_modules/lodash-es": {
      "resolved": "../node_modules/.pnpm/lodash-es@4.17.21/node_modules/lodash-es",
      "link": true
    },
    "node_modules/marked": {
      "resolved": "../node_modules/.pnpm/marked@16.2.1/node_modules/marked",
      "link": true
    },
    "node_modules/monaco-editor": {
      "resolved": "../node_modules/.pnpm/monaco-editor@0.52.2/node_modules/monaco-editor",
      "link": true
    },
    "node_modules/monaco-plugin-emmet": {
      "resolved": "../node_modules/.pnpm/monaco-plugin-emmet@1.0.4_monaco-editor@0.52.2/node_modules/monaco-plugin-emmet",
      "link": true
    },
    "node_modules/monaco-tailwindcss": {
      "resolved": "../node_modules/.pnpm/monaco-tailwindcss@0.6.1_monaco-editor@0.52.2/node_modules/monaco-tailwindcss",
      "link": true
    },
    "node_modules/openai": {
      "resolved": "../node_modules/.pnpm/openai@5.19.1_ws@8.18.3_zod@3.25.76/node_modules/openai",
      "link": true
    },
    "node_modules/prettier": {
      "resolved": "../node_modules/.pnpm/prettier@3.6.2/node_modules/prettier",
      "link": true
    },
    "node_modules/tailwindcss": {
      "resolved": "../node_modules/.pnpm/tailwindcss@4.1.13/node_modules/tailwindcss",
      "link": true
    },
    "node_modules/typescript": {
      "resolved": "../node_modules/.pnpm/typescript@5.8.3/node_modules/typescript",
      "link": true
    },
    "node_modules/vite": {
      "resolved": "../node_modules/.pnpm/vite@7.1.5_@types+node@22.1_4866483fa691e5b9c5e99b72fbc7d79c/node_modules/vite",
      "link": true
    },
    "node_modules/vite-svg-loader": {
      "resolved": "../node_modules/.pnpm/vite-svg-loader@5.1.0_vue@3.5.21_typescript@5.8.3_/node_modules/vite-svg-loader",
      "link": true
    },
    "node_modules/vue": {
      "resolved": "../node_modules/.pnpm/vue@3.5.21_typescript@5.8.3/node_modules/vue",
      "link": true
    },
    "node_modules/vue-tsc": {
      "resolved": "../node_modules/.pnpm/vue-tsc@3.0.6_typescript@5.8.3/node_modules/vue-tsc",
      "link": true
    }
  }
}
